github.com/Splidejs/splide v4.1.3+incompatible h1:ms0c3Tem9Bq7qcr88nLspZi2SW14mYnj4CVuHGqJbzA=
github.com/Splidejs/splide v4.1.3+incompatible/go.mod h1:N10tHuOP81a5HGua3PmZVrpMiBmf/KhId8jZt0oShNk=
github.com/dixonandmoe/rellax v0.0.0-20240824005335-9ed6cb0aae03 h1:TyZM0MK9+09/vGdnH8N9xVFix5f1vzU90V5WCyL16oE=
github.com/dixonandmoe/rellax v0.0.0-20240824005335-9ed6cb0aae03/go.mod h1:CJ8UtS8LPLOSmpvwRkQJkwqOwwXaDfH5S7iG83GKAlY=
github.com/gohugoio/hugo-mod-bootstrap-scss/v5 v5.20300.20400 h1:L6+F22i76xmeWWwrtijAhUbf3BiRLmpO5j34bgl1ggU=
github.com/gohugoio/hugo-mod-bootstrap-scss/v5 v5.20300.20400/go.mod h1:uekq1D4ebeXgduLj8VIZy8TgfTjrLdSl6nPtVczso78=
github.com/gohugoio/hugo-mod-jslibs-dist/popperjs/v2 v2.21100.20000 h1:GZxx4Hc+yb0/t3/rau1j8XlAxLE4CyXns2fqQbyqWfs=
github.com/gohugoio/hugo-mod-jslibs-dist/popperjs/v2 v2.21100.20000/go.mod h1:mFberT6ZtcchrsDtfvJM7aAH2bDKLdOnruUHl0hlapI=
github.com/hugolify/hugolify-admin v0.0.0-20250731082553-f552902fe375 h1:RF3ZoHLMEN0efODq5ayLT+VoSf8jblrfXGmLso4zzpI=
github.com/hugolify/hugolify-admin v0.0.0-20250731082553-f552902fe375/go.mod h1:qB7ndiuXR6XZu3r9UX3LtTHnrMF98U7vJHg6XXb6NvA=
github.com/hugolify/hugolify-theme v1.25.4 h1:UknxoYd6mGaUWoOc03BHUWN3xCB/YrNPunVujZCD/Mo=
github.com/hugolify/hugolify-theme v1.25.4/go.mod h1:Rc64eJSSIWGeU6eHfSzUISNfL9UrJmy3Xs3H05Gz9rQ=
github.com/hugolify/hugolify-theme-3 v1.0.14 h1:a9kItre19q1IKrVd3PQlwWdNR5MbYpnGDXFA3xXn13M=
github.com/hugolify/hugolify-theme-3 v1.0.14/go.mod h1:K2V7Jd6HpwGv4zSm3m4XZ2qw2xjrnNrrpkps0pEskNE=
github.com/hugolify/hugolify-theme-docs v0.0.0-20250606152636-0ff1daefe91d h1:tzOZcj/5X6WI7zJa0IEju4KE31z8TJrUJfMHEo2fG7k=
github.com/hugolify/hugolify-theme-docs v0.0.0-20250606152636-0ff1daefe91d/go.mod h1:zl20+CCoKsQ523IRk2eZHgmjtL0YMtKBu2m5mzlGoJE=
github.com/hugolify/hugolify-theme-events v0.0.0-20250519122350-2523dd350f94 h1:k4x4Ch3ltngUG4lfInIbD282BEzHrrb0roE+ouk1T0M=
github.com/hugolify/hugolify-theme-events v0.0.0-20250519122350-2523dd350f94/go.mod h1:1nwp1TZ7KAhzUEtOwft3shrnA/EMNwTAsX/XxKpPfvg=
github.com/hugolify/hugolify-theme-persons v1.3.25 h1:Fe6rGYhNcFrzaOLmsqNX/Us4BXkILpCdqefjgRU+yxs=
github.com/hugolify/hugolify-theme-persons v1.3.25/go.mod h1:x6Gk/koepvu90W+Y6W0+F+5qqBx+lpeTZUonZUkCz1w=
github.com/hugolify/hugolify-theme-persons-expertises v1.0.5 h1:GrGJYisXdx1mCaztUJGykq+7Qe8+BWGbyNoduzanoAM=
github.com/hugolify/hugolify-theme-persons-expertises v1.0.5/go.mod h1:IAchs3PkkihEqxLoGksvBaUs99+O6PK2WhTB/lgbPNI=
github.com/hugolify/hugolify-theme-posts v1.2.7 h1:yadJzmqevz8KoMqWZmm5+MjLxfOaHxUdYFj7tp74Khg=
github.com/hugolify/hugolify-theme-posts v1.2.7/go.mod h1:YId8/w9DiCOEUA176HdhJVJyZgMyfwW91bwqutsFgUE=
github.com/hugolify/hugolify-theme-posts-authors v1.0.13 h1:DP1fw5iC0YxJqGUe5bHnqsqqUwPyvllZhgG9PSlNr/I=
github.com/hugolify/hugolify-theme-posts-authors v1.0.13/go.mod h1:V1af8vVOZE8qiVsDzS5O6gdDOSCNAud1U2YE10q2kQ4=
github.com/hugolify/hugolify-theme-posts-categories v1.0.13 h1:QZjWakrFCA+9ShpVsyRl8HLnhaj6oNXNUjgD+/gbLq4=
github.com/hugolify/hugolify-theme-posts-categories v1.0.13/go.mod h1:/NM6mvb2A9+6jfX9TDeWLe1lldiYmcNub2AChtDtELw=
github.com/hugolify/hugolify-theme-posts-tags v1.1.1 h1:gnQFP6BXnSFeAjl8yExjO7Wgn+hcAaPHQumco+/oXg0=
github.com/hugolify/hugolify-theme-posts-tags v1.1.1/go.mod h1:k5z58SwY4stCn2kFCkwm//b7jqoMVnxqtg8uzmnQNFA=
github.com/hugolify/hugolify-theme-projects v1.2.1 h1:7ut7AVAKAJ7rsDpYk2ekaNgEhmFamsL2VEtUzCYSwKk=
github.com/hugolify/hugolify-theme-projects v1.2.1/go.mod h1:Hp7SADxClFM2SYLjUZvX8Q/bf0pj/RperC3uK0KsYHc=
github.com/hugolify/hugolify-theme-projects-tags v1.1.2 h1:vNn0ZKkA4nX0qDEb4wq4SHdW01HApG8EcT9K5l6CotI=
github.com/hugolify/hugolify-theme-projects-tags v1.1.2/go.mod h1:/4CdPgLuI/lKr5v3312vCuhjQyJUnfptGxvIgZhwe3Q=
github.com/hugolify/hugolify-theme-projects-types v1.0.14 h1:meirPvf8EphoJutkkgHGhu5T8ctduiM0vmrXi/o15bU=
github.com/hugolify/hugolify-theme-projects-types v1.0.14/go.mod h1:6w9aM4KMjvQspp6wm67iFZzVRuC6gRR3PTXgxud8BAg=
github.com/hugolify/hugolify-theme-services v1.0.6 h1:QKMqmG0K7sZs/pnBCy8YciKMHBj5pBvgrlrLcwYFwI4=
github.com/hugolify/hugolify-theme-services v1.0.6/go.mod h1:cQLM7C338M+jGK9Lk1rg+4VOymcKkDFJLPgfrtp3Xtg=
github.com/midzer/tobii v2.8.4+incompatible h1:5eJvU66HkGVhztmRF3FV7vNABOViXiVVUZ4yH4INlGM=
github.com/midzer/tobii v2.8.4+incompatible/go.mod h1:ByXFkVm8ja2+TXT7L+lfkdEIeHW4IdWdsQO8zJ5mEqA=
github.com/orestbida/cookieconsent v3.1.0+incompatible h1:L2uj16SEL1bICkn6pJde9uc1qAPmTcEiFZO93zZKdQI=
github.com/orestbida/cookieconsent v3.1.0+incompatible/go.mod h1:8N46VI/40AwvzASJDpiwfbu6zylSzKSDZRUVNmVXLxw=
github.com/twbs/bootstrap v5.3.3+incompatible/go.mod h1:fZTSrkpSf0/HkL0IIJzvVspTt1r9zuf7XlZau8kpcY0=
github.com/twbs/bootstrap v5.3.7+incompatible h1:ea1W8TOWZFkqSK2M0McpgzLiUQVru3bz8aHb0j/XtuM=
github.com/twbs/bootstrap v5.3.7+incompatible/go.mod h1:fZTSrkpSf0/HkL0IIJzvVspTt1r9zuf7XlZau8kpcY0=
github.com/twbs/icons v1.13.1 h1:6bmNXvoeIbvjFWjfbjXg5JGbelLD1haIsMaEIzE9UZI=
github.com/twbs/icons v1.13.1/go.mod h1:GnRlymgVWp5iVJCMa0Me5b6tFyGpVc2bSxPMRGIJmyA=
